
Microsoft Visual Studio Solution File, Format Version 12.00
# Visual Studio Version 16
VisualStudioVersion = 16.0.31005.135
MinimumVisualStudioVersion = 15.0.26124.0
Project("{9A19103F-16F7-4668-BE54-9A1E7A4F7556}") = "Microsoft.Diagnostics.Metric", "Microsoft.Diagnostics.Metric\Microsoft.Diagnostics.Metric.csproj", "{513F068E-4BE0-4667-949A-9260BCB31949}"
EndProject
Project("{9A19103F-16F7-4668-BE54-9A1E7A4F7556}") = "OpenTelemetry.Metric.Api", "OpenTelemetry.Metric.Api\OpenTelemetry.Metric.Api.csproj", "{8006B31B-737B-4659-A0CD-1A6AB137A9F4}"
EndProject
Project("{9A19103F-16F7-4668-BE54-9A1E7A4F7556}") = "OpenTelemetry.Metric.Sdk", "OpenTelemetry.Metric.Sdk\OpenTelemetry.Metric.Sdk.csproj", "{F226480D-CCD7-49EF-B25A-089A10E00B32}"
EndProject
Project("{9A19103F-16F7-4668-BE54-9A1E7A4F7556}") = "GroceryStoreExample", "GroceryStoreExample\GroceryStoreExample.csproj", "{BE757918-DD1D-4CF1-8A92-F9AC2D57F15D}"
EndProject
Project("{9A19103F-16F7-4668-BE54-9A1E7A4F7556}") = "Example", "Example\Example.csproj", "{34BACE2F-78A5-474D-931E-C62519CF4BBF}"
EndProject
Project("{9A19103F-16F7-4668-BE54-9A1E7A4F7556}") = "Benchmarks", "Benchmarks\Benchmarks.csproj", "{828224A3-709A-4748-BA86-ABD1BEF0A0D8}"
EndProject
Project("{9A19103F-16F7-4668-BE54-9A1E7A4F7556}") = "Microsoft.OpenTelemetry.Exporter", "Microsoft.OpenTelemetry.Exporter\Microsoft.OpenTelemetry.Exporter.csproj", "{1497CA0E-C2D6-4BFF-81BA-BE26F30AE506}"
EndProject
Project("{9A19103F-16F7-4668-BE54-9A1E7A4F7556}") = "SimpleExamples", "SimpleExamples\SimpleExamples.csproj", "{A152C0DE-90A3-4C5D-94D7-0E88488BA7AC}"
EndProject
Project("{9A19103F-16F7-4668-BE54-9A1E7A4F7556}") = "UnitTest", "UnitTest\UnitTest.csproj", "{79DF79FC-C695-4D61-81EC-5CAAD6D2A093}"
EndProject
Project("{9A19103F-16F7-4668-BE54-9A1E7A4F7556}") = "OpenTelemetry.Metric.Api2", "OpenTelemetry.Metric.Api2\OpenTelemetry.Metric.Api2.csproj", "{D50A09D6-95B2-4C78-A836-36C3490FC5D8}"
EndProject
Project("{FAE04EC0-301F-11D3-BF4B-00C04F79EFBC}") = "Microsoft.OpenTelemetry.Exporter.Prometheus", "Microsoft.OpenTelemetry.Exporter.Prometheus\Microsoft.OpenTelemetry.Exporter.Prometheus.csproj", "{8F06EEEB-D00E-44C9-8FBF-9AC15FAA1308}"
EndProject
Global
	GlobalSection(SolutionConfigurationPlatforms) = preSolution
		Debug|Any CPU = Debug|Any CPU
		Debug|x64 = Debug|x64
		Debug|x86 = Debug|x86
		Release|Any CPU = Release|Any CPU
		Release|x64 = Release|x64
		Release|x86 = Release|x86
	EndGlobalSection
	GlobalSection(ProjectConfigurationPlatforms) = postSolution
		{513F068E-4BE0-4667-949A-9260BCB31949}.Debug|Any CPU.ActiveCfg = Debug|Any CPU
		{513F068E-4BE0-4667-949A-9260BCB31949}.Debug|Any CPU.Build.0 = Debug|Any CPU
		{513F068E-4BE0-4667-949A-9260BCB31949}.Debug|x64.ActiveCfg = Debug|Any CPU
		{513F068E-4BE0-4667-949A-9260BCB31949}.Debug|x64.Build.0 = Debug|Any CPU
		{513F068E-4BE0-4667-949A-9260BCB31949}.Debug|x86.ActiveCfg = Debug|Any CPU
		{513F068E-4BE0-4667-949A-9260BCB31949}.Debug|x86.Build.0 = Debug|Any CPU
		{513F068E-4BE0-4667-949A-9260BCB31949}.Release|Any CPU.ActiveCfg = Release|Any CPU
		{513F068E-4BE0-4667-949A-9260BCB31949}.Release|Any CPU.Build.0 = Release|Any CPU
		{513F068E-4BE0-4667-949A-9260BCB31949}.Release|x64.ActiveCfg = Release|Any CPU
		{513F068E-4BE0-4667-949A-9260BCB31949}.Release|x64.Build.0 = Release|Any CPU
		{513F068E-4BE0-4667-949A-9260BCB31949}.Release|x86.ActiveCfg = Release|Any CPU
		{513F068E-4BE0-4667-949A-9260BCB31949}.Release|x86.Build.0 = Release|Any CPU
		{8006B31B-737B-4659-A0CD-1A6AB137A9F4}.Debug|Any CPU.ActiveCfg = Debug|Any CPU
		{8006B31B-737B-4659-A0CD-1A6AB137A9F4}.Debug|Any CPU.Build.0 = Debug|Any CPU
		{8006B31B-737B-4659-A0CD-1A6AB137A9F4}.Debug|x64.ActiveCfg = Debug|Any CPU
		{8006B31B-737B-4659-A0CD-1A6AB137A9F4}.Debug|x64.Build.0 = Debug|Any CPU
		{8006B31B-737B-4659-A0CD-1A6AB137A9F4}.Debug|x86.ActiveCfg = Debug|Any CPU
		{8006B31B-737B-4659-A0CD-1A6AB137A9F4}.Debug|x86.Build.0 = Debug|Any CPU
		{8006B31B-737B-4659-A0CD-1A6AB137A9F4}.Release|Any CPU.ActiveCfg = Release|Any CPU
		{8006B31B-737B-4659-A0CD-1A6AB137A9F4}.Release|Any CPU.Build.0 = Release|Any CPU
		{8006B31B-737B-4659-A0CD-1A6AB137A9F4}.Release|x64.ActiveCfg = Release|Any CPU
		{8006B31B-737B-4659-A0CD-1A6AB137A9F4}.Release|x64.Build.0 = Release|Any CPU
		{8006B31B-737B-4659-A0CD-1A6AB137A9F4}.Release|x86.ActiveCfg = Release|Any CPU
		{8006B31B-737B-4659-A0CD-1A6AB137A9F4}.Release|x86.Build.0 = Release|Any CPU
		{F226480D-CCD7-49EF-B25A-089A10E00B32}.Debug|Any CPU.ActiveCfg = Debug|Any CPU
		{F226480D-CCD7-49EF-B25A-089A10E00B32}.Debug|Any CPU.Build.0 = Debug|Any CPU
		{F226480D-CCD7-49EF-B25A-089A10E00B32}.Debug|x64.ActiveCfg = Debug|Any CPU
		{F226480D-CCD7-49EF-B25A-089A10E00B32}.Debug|x64.Build.0 = Debug|Any CPU
		{F226480D-CCD7-49EF-B25A-089A10E00B32}.Debug|x86.ActiveCfg = Debug|Any CPU
		{F226480D-CCD7-49EF-B25A-089A10E00B32}.Debug|x86.Build.0 = Debug|Any CPU
		{F226480D-CCD7-49EF-B25A-089A10E00B32}.Release|Any CPU.ActiveCfg = Release|Any CPU
		{F226480D-CCD7-49EF-B25A-089A10E00B32}.Release|Any CPU.Build.0 = Release|Any CPU
		{F226480D-CCD7-49EF-B25A-089A10E00B32}.Release|x64.ActiveCfg = Release|Any CPU
		{F226480D-CCD7-49EF-B25A-089A10E00B32}.Release|x64.Build.0 = Release|Any CPU
		{F226480D-CCD7-49EF-B25A-089A10E00B32}.Release|x86.ActiveCfg = Release|Any CPU
		{F226480D-CCD7-49EF-B25A-089A10E00B32}.Release|x86.Build.0 = Release|Any CPU
		{BE757918-DD1D-4CF1-8A92-F9AC2D57F15D}.Debug|Any CPU.ActiveCfg = Debug|Any CPU
		{BE757918-DD1D-4CF1-8A92-F9AC2D57F15D}.Debug|Any CPU.Build.0 = Debug|Any CPU
		{BE757918-DD1D-4CF1-8A92-F9AC2D57F15D}.Debug|x64.ActiveCfg = Debug|Any CPU
		{BE757918-DD1D-4CF1-8A92-F9AC2D57F15D}.Debug|x64.Build.0 = Debug|Any CPU
		{BE757918-DD1D-4CF1-8A92-F9AC2D57F15D}.Debug|x86.ActiveCfg = Debug|Any CPU
		{BE757918-DD1D-4CF1-8A92-F9AC2D57F15D}.Debug|x86.Build.0 = Debug|Any CPU
		{BE757918-DD1D-4CF1-8A92-F9AC2D57F15D}.Release|Any CPU.ActiveCfg = Release|Any CPU
		{BE757918-DD1D-4CF1-8A92-F9AC2D57F15D}.Release|Any CPU.Build.0 = Release|Any CPU
		{BE757918-DD1D-4CF1-8A92-F9AC2D57F15D}.Release|x64.ActiveCfg = Release|Any CPU
		{BE757918-DD1D-4CF1-8A92-F9AC2D57F15D}.Release|x64.Build.0 = Release|Any CPU
		{BE757918-DD1D-4CF1-8A92-F9AC2D57F15D}.Release|x86.ActiveCfg = Release|Any CPU
		{BE757918-DD1D-4CF1-8A92-F9AC2D57F15D}.Release|x86.Build.0 = Release|Any CPU
		{34BACE2F-78A5-474D-931E-C62519CF4BBF}.Debug|Any CPU.ActiveCfg = Debug|Any CPU
		{34BACE2F-78A5-474D-931E-C62519CF4BBF}.Debug|Any CPU.Build.0 = Debug|Any CPU
		{34BACE2F-78A5-474D-931E-C62519CF4BBF}.Debug|x64.ActiveCfg = Debug|Any CPU
		{34BACE2F-78A5-474D-931E-C62519CF4BBF}.Debug|x64.Build.0 = Debug|Any CPU
		{34BACE2F-78A5-474D-931E-C62519CF4BBF}.Debug|x86.ActiveCfg = Debug|Any CPU
		{34BACE2F-78A5-474D-931E-C62519CF4BBF}.Debug|x86.Build.0 = Debug|Any CPU
		{34BACE2F-78A5-474D-931E-C62519CF4BBF}.Release|Any CPU.ActiveCfg = Release|Any CPU
		{34BACE2F-78A5-474D-931E-C62519CF4BBF}.Release|Any CPU.Build.0 = Release|Any CPU
		{34BACE2F-78A5-474D-931E-C62519CF4BBF}.Release|x64.ActiveCfg = Release|Any CPU
		{34BACE2F-78A5-474D-931E-C62519CF4BBF}.Release|x64.Build.0 = Release|Any CPU
		{34BACE2F-78A5-474D-931E-C62519CF4BBF}.Release|x86.ActiveCfg = Release|Any CPU
		{34BACE2F-78A5-474D-931E-C62519CF4BBF}.Release|x86.Build.0 = Release|Any CPU
		{828224A3-709A-4748-BA86-ABD1BEF0A0D8}.Debug|Any CPU.ActiveCfg = Debug|Any CPU
		{828224A3-709A-4748-BA86-ABD1BEF0A0D8}.Debug|Any CPU.Build.0 = Debug|Any CPU
		{828224A3-709A-4748-BA86-ABD1BEF0A0D8}.Debug|x64.ActiveCfg = Debug|Any CPU
		{828224A3-709A-4748-BA86-ABD1BEF0A0D8}.Debug|x64.Build.0 = Debug|Any CPU
		{828224A3-709A-4748-BA86-ABD1BEF0A0D8}.Debug|x86.ActiveCfg = Debug|Any CPU
		{828224A3-709A-4748-BA86-ABD1BEF0A0D8}.Debug|x86.Build.0 = Debug|Any CPU
		{828224A3-709A-4748-BA86-ABD1BEF0A0D8}.Release|Any CPU.ActiveCfg = Release|Any CPU
		{828224A3-709A-4748-BA86-ABD1BEF0A0D8}.Release|Any CPU.Build.0 = Release|Any CPU
		{828224A3-709A-4748-BA86-ABD1BEF0A0D8}.Release|x64.ActiveCfg = Release|Any CPU
		{828224A3-709A-4748-BA86-ABD1BEF0A0D8}.Release|x64.Build.0 = Release|Any CPU
		{828224A3-709A-4748-BA86-ABD1BEF0A0D8}.Release|x86.ActiveCfg = Release|Any CPU
		{828224A3-709A-4748-BA86-ABD1BEF0A0D8}.Release|x86.Build.0 = Release|Any CPU
		{1497CA0E-C2D6-4BFF-81BA-BE26F30AE506}.Debug|Any CPU.ActiveCfg = Debug|Any CPU
		{1497CA0E-C2D6-4BFF-81BA-BE26F30AE506}.Debug|Any CPU.Build.0 = Debug|Any CPU
		{1497CA0E-C2D6-4BFF-81BA-BE26F30AE506}.Debug|x64.ActiveCfg = Debug|Any CPU
		{1497CA0E-C2D6-4BFF-81BA-BE26F30AE506}.Debug|x64.Build.0 = Debug|Any CPU
		{1497CA0E-C2D6-4BFF-81BA-BE26F30AE506}.Debug|x86.ActiveCfg = Debug|Any CPU
		{1497CA0E-C2D6-4BFF-81BA-BE26F30AE506}.Debug|x86.Build.0 = Debug|Any CPU
		{1497CA0E-C2D6-4BFF-81BA-BE26F30AE506}.Release|Any CPU.ActiveCfg = Release|Any CPU
		{1497CA0E-C2D6-4BFF-81BA-BE26F30AE506}.Release|Any CPU.Build.0 = Release|Any CPU
		{1497CA0E-C2D6-4BFF-81BA-BE26F30AE506}.Release|x64.ActiveCfg = Release|Any CPU
		{1497CA0E-C2D6-4BFF-81BA-BE26F30AE506}.Release|x64.Build.0 = Release|Any CPU
		{1497CA0E-C2D6-4BFF-81BA-BE26F30AE506}.Release|x86.ActiveCfg = Release|Any CPU
		{1497CA0E-C2D6-4BFF-81BA-BE26F30AE506}.Release|x86.Build.0 = Release|Any CPU
		{A152C0DE-90A3-4C5D-94D7-0E88488BA7AC}.Debug|Any CPU.ActiveCfg = Debug|Any CPU
		{A152C0DE-90A3-4C5D-94D7-0E88488BA7AC}.Debug|Any CPU.Build.0 = Debug|Any CPU
		{A152C0DE-90A3-4C5D-94D7-0E88488BA7AC}.Debug|x64.ActiveCfg = Debug|Any CPU
		{A152C0DE-90A3-4C5D-94D7-0E88488BA7AC}.Debug|x64.Build.0 = Debug|Any CPU
		{A152C0DE-90A3-4C5D-94D7-0E88488BA7AC}.Debug|x86.ActiveCfg = Debug|Any CPU
		{A152C0DE-90A3-4C5D-94D7-0E88488BA7AC}.Debug|x86.Build.0 = Debug|Any CPU
		{A152C0DE-90A3-4C5D-94D7-0E88488BA7AC}.Release|Any CPU.ActiveCfg = Release|Any CPU
		{A152C0DE-90A3-4C5D-94D7-0E88488BA7AC}.Release|Any CPU.Build.0 = Release|Any CPU
		{A152C0DE-90A3-4C5D-94D7-0E88488BA7AC}.Release|x64.ActiveCfg = Release|Any CPU
		{A152C0DE-90A3-4C5D-94D7-0E88488BA7AC}.Release|x64.Build.0 = Release|Any CPU
		{A152C0DE-90A3-4C5D-94D7-0E88488BA7AC}.Release|x86.ActiveCfg = Release|Any CPU
		{A152C0DE-90A3-4C5D-94D7-0E88488BA7AC}.Release|x86.Build.0 = Release|Any CPU
		{79DF79FC-C695-4D61-81EC-5CAAD6D2A093}.Debug|Any CPU.ActiveCfg = Debug|Any CPU
		{79DF79FC-C695-4D61-81EC-5CAAD6D2A093}.Debug|Any CPU.Build.0 = Debug|Any CPU
		{79DF79FC-C695-4D61-81EC-5CAAD6D2A093}.Debug|x64.ActiveCfg = Debug|Any CPU
		{79DF79FC-C695-4D61-81EC-5CAAD6D2A093}.Debug|x64.Build.0 = Debug|Any CPU
		{79DF79FC-C695-4D61-81EC-5CAAD6D2A093}.Debug|x86.ActiveCfg = Debug|Any CPU
		{79DF79FC-C695-4D61-81EC-5CAAD6D2A093}.Debug|x86.Build.0 = Debug|Any CPU
		{79DF79FC-C695-4D61-81EC-5CAAD6D2A093}.Release|Any CPU.ActiveCfg = Release|Any CPU
		{79DF79FC-C695-4D61-81EC-5CAAD6D2A093}.Release|Any CPU.Build.0 = Release|Any CPU
		{79DF79FC-C695-4D61-81EC-5CAAD6D2A093}.Release|x64.ActiveCfg = Release|Any CPU
		{79DF79FC-C695-4D61-81EC-5CAAD6D2A093}.Release|x64.Build.0 = Release|Any CPU
		{79DF79FC-C695-4D61-81EC-5CAAD6D2A093}.Release|x86.ActiveCfg = Release|Any CPU
		{79DF79FC-C695-4D61-81EC-5CAAD6D2A093}.Release|x86.Build.0 = Release|Any CPU
		{D50A09D6-95B2-4C78-A836-36C3490FC5D8}.Debug|Any CPU.ActiveCfg = Debug|Any CPU
		{D50A09D6-95B2-4C78-A836-36C3490FC5D8}.Debug|Any CPU.Build.0 = Debug|Any CPU
		{D50A09D6-95B2-4C78-A836-36C3490FC5D8}.Debug|x64.ActiveCfg = Debug|Any CPU
		{D50A09D6-95B2-4C78-A836-36C3490FC5D8}.Debug|x64.Build.0 = Debug|Any CPU
		{D50A09D6-95B2-4C78-A836-36C3490FC5D8}.Debug|x86.ActiveCfg = Debug|Any CPU
		{D50A09D6-95B2-4C78-A836-36C3490FC5D8}.Debug|x86.Build.0 = Debug|Any CPU
		{D50A09D6-95B2-4C78-A836-36C3490FC5D8}.Release|Any CPU.ActiveCfg = Release|Any CPU
		{D50A09D6-95B2-4C78-A836-36C3490FC5D8}.Release|Any CPU.Build.0 = Release|Any CPU
		{D50A09D6-95B2-4C78-A836-36C3490FC5D8}.Release|x64.ActiveCfg = Release|Any CPU
		{D50A09D6-95B2-4C78-A836-36C3490FC5D8}.Release|x64.Build.0 = Release|Any CPU
		{D50A09D6-95B2-4C78-A836-36C3490FC5D8}.Release|x86.ActiveCfg = Release|Any CPU
		{D50A09D6-95B2-4C78-A836-36C3490FC5D8}.Release|x86.Build.0 = Release|Any CPU
		{8F06EEEB-D00E-44C9-8FBF-9AC15FAA1308}.Debug|Any CPU.ActiveCfg = Debug|Any CPU
		{8F06EEEB-D00E-44C9-8FBF-9AC15FAA1308}.Debug|Any CPU.Build.0 = Debug|Any CPU
		{8F06EEEB-D00E-44C9-8FBF-9AC15FAA1308}.Debug|x64.ActiveCfg = Debug|Any CPU
		{8F06EEEB-D00E-44C9-8FBF-9AC15FAA1308}.Debug|x64.Build.0 = Debug|Any CPU
		{8F06EEEB-D00E-44C9-8FBF-9AC15FAA1308}.Debug|x86.ActiveCfg = Debug|Any CPU
		{8F06EEEB-D00E-44C9-8FBF-9AC15FAA1308}.Debug|x86.Build.0 = Debug|Any CPU
		{8F06EEEB-D00E-44C9-8FBF-9AC15FAA1308}.Release|Any CPU.ActiveCfg = Release|Any CPU
		{8F06EEEB-D00E-44C9-8FBF-9AC15FAA1308}.Release|Any CPU.Build.0 = Release|Any CPU
		{8F06EEEB-D00E-44C9-8FBF-9AC15FAA1308}.Release|x64.ActiveCfg = Release|Any CPU
		{8F06EEEB-D00E-44C9-8FBF-9AC15FAA1308}.Release|x64.Build.0 = Release|Any CPU
		{8F06EEEB-D00E-44C9-8FBF-9AC15FAA1308}.Release|x86.ActiveCfg = Release|Any CPU
		{8F06EEEB-D00E-44C9-8FBF-9AC15FAA1308}.Release|x86.Build.0 = Release|Any CPU
	EndGlobalSection
	GlobalSection(SolutionProperties) = preSolution
		HideSolutionNode = FALSE
	EndGlobalSection
	GlobalSection(ExtensibilityGlobals) = postSolution
		SolutionGuid = {0C64B1E0-BA16-46CD-9843-D9264E75509A}
	EndGlobalSection
EndGlobal
